
Microsoft Visual Studio Solution File, Format Version 12.00
# Visual Studio 15
VisualStudioVersion = 15.0.28307.1000
MinimumVisualStudioVersion = 10.0.40219.1
Project("{9A19103F-16F7-4668-BE54-9A1E7A4F7556}") = "BuenasPracticas", "BuenasPracticas\BuenasPracticas.csproj", "{750C2A6E-9218-439E-A21F-B3747ECF4A2C}"
EndProject
Project("{FAE04EC0-301F-11D3-BF4B-00C04F79EFBC}") = "EnviosUTest", "EnviosUTest\EnviosUTest.csproj", "{9CFAAAF5-2E5F-48C0-949A-4AF4DA06653A}"
EndProject
Global
	GlobalSection(SolutionConfigurationPlatforms) = preSolution
		Debug|Any CPU = Debug|Any CPU
		Release|Any CPU = Release|Any CPU
	EndGlobalSection
	GlobalSection(ProjectConfigurationPlatforms) = postSolution
		{750C2A6E-9218-439E-A21F-B3747ECF4A2C}.Debug|Any CPU.ActiveCfg = Debug|Any CPU
		{750C2A6E-9218-439E-A21F-B3747ECF4A2C}.Debug|Any CPU.Build.0 = Debug|Any CPU
		{750C2A6E-9218-439E-A21F-B3747ECF4A2C}.Release|Any CPU.ActiveCfg = Release|Any CPU
		{750C2A6E-9218-439E-A21F-B3747ECF4A2C}.Release|Any CPU.Build.0 = Release|Any CPU
		{9CFAAAF5-2E5F-48C0-949A-4AF4DA06653A}.Debug|Any CPU.ActiveCfg = Debug|Any CPU
		{9CFAAAF5-2E5F-48C0-949A-4AF4DA06653A}.Debug|Any CPU.Build.0 = Debug|Any CPU
		{9CFAAAF5-2E5F-48C0-949A-4AF4DA06653A}.Release|Any CPU.ActiveCfg = Release|Any CPU
		{9CFAAAF5-2E5F-48C0-949A-4AF4DA06653A}.Release|Any CPU.Build.0 = Release|Any CPU
	EndGlobalSection
	GlobalSection(SolutionProperties) = preSolution
		HideSolutionNode = FALSE
	EndGlobalSection
	GlobalSection(ExtensibilityGlobals) = postSolution
		SolutionGuid = {F7A6BC8C-4E63-4B67-80B4-14D6DC65D3EA}
	EndGlobalSection
EndGlobal
